
Microsoft Visual Studio Solution File, Format Version 12.00
# Visual Studio Version 16
VisualStudioVersion = 16.0.29911.84
MinimumVisualStudioVersion = 10.0.40219.1
Project("{9A19103F-16F7-4668-BE54-9A1E7A4F7556}") = "Qamur.Chatwork", "Qamur.Chatwork\Qamur.Chatwork.csproj", "{B3798477-A1DD-4835-B7F4-A08B2351CF75}"
EndProject
Project("{9A19103F-16F7-4668-BE54-9A1E7A4F7556}") = "Qamur.Chatwork.Test", "Qamur.Chatwork.Test\Qamur.Chatwork.Test.csproj", "{EE4AE6CE-D395-468D-86C7-1471FCA00DB8}"
EndProject
Project("{2150E333-8FDC-42A3-9474-1A3956D46DE8}") = "Solution Items", "Solution Items", "{8E27B0E5-BEBD-4E88-8B78-02126CE62B88}"
	ProjectSection(SolutionItems) = preProject
		.editorconfig = .editorconfig
		stylecop.json = stylecop.json
	EndProjectSection
EndProject
Global
	GlobalSection(SolutionConfigurationPlatforms) = preSolution
		Debug|Any CPU = Debug|Any CPU
		Release|Any CPU = Release|Any CPU
	EndGlobalSection
	GlobalSection(ProjectConfigurationPlatforms) = postSolution
		{B3798477-A1DD-4835-B7F4-A08B2351CF75}.Debug|Any CPU.ActiveCfg = Debug|Any CPU
		{B3798477-A1DD-4835-B7F4-A08B2351CF75}.Debug|Any CPU.Build.0 = Debug|Any CPU
		{B3798477-A1DD-4835-B7F4-A08B2351CF75}.Release|Any CPU.ActiveCfg = Release|Any CPU
		{B3798477-A1DD-4835-B7F4-A08B2351CF75}.Release|Any CPU.Build.0 = Release|Any CPU
		{EE4AE6CE-D395-468D-86C7-1471FCA00DB8}.Debug|Any CPU.ActiveCfg = Debug|Any CPU
		{EE4AE6CE-D395-468D-86C7-1471FCA00DB8}.Debug|Any CPU.Build.0 = Debug|Any CPU
		{EE4AE6CE-D395-468D-86C7-1471FCA00DB8}.Release|Any CPU.ActiveCfg = Release|Any CPU
		{EE4AE6CE-D395-468D-86C7-1471FCA00DB8}.Release|Any CPU.Build.0 = Release|Any CPU
	EndGlobalSection
	GlobalSection(SolutionProperties) = preSolution
		HideSolutionNode = FALSE
	EndGlobalSection
	GlobalSection(ExtensibilityGlobals) = postSolution
		SolutionGuid = {1F4FFE31-6E94-4435-98CF-5BD0D39724C8}
	EndGlobalSection
EndGlobal
